{
  "version": 4,
  "terraform_version": "1.4.4",
  "serial": 29,
  "lineage": "e42727f3-2f1d-b8c0-fb9e-9b53b2ee4925",
  "outputs": {
    "image_out": {
      "value": "shekeriev/bgapp-web",
      "type": "string"
    },
    "image_out_db": {
      "value": "shekeriev/bgapp-db",
      "type": "string"
    }
  },
  "resources": [
    {
      "mode": "managed",
      "type": "docker_image",
      "name": "DB",
      "provider": "provider[\"registry.terraform.io/kreuzwerker/docker\"]",
      "instances": [
        {
          "schema_version": 0,
          "attributes": {
            "build": [],
            "force_remove": null,
            "id": "sha256:2a633f9404631eded14f4d050faff7d49ed87c2ebc29cf6176a5b7932baeae8bshekeriev/bgapp-db",
            "image_id": "sha256:2a633f9404631eded14f4d050faff7d49ed87c2ebc29cf6176a5b7932baeae8b",
            "keep_locally": null,
            "name": "shekeriev/bgapp-db",
            "platform": null,
            "pull_triggers": null,
            "repo_digest": "shekeriev/bgapp-db@sha256:0d95569c4cfd9aca20540f4b417adc8794bdb417760762b91f7829940c2e38bd",
            "triggers": null
          },
          "sensitive_attributes": [],
          "private": "bnVsbA=="
        }
      ]
    },
    {
      "mode": "managed",
      "type": "docker_image",
      "name": "WEB",
      "provider": "provider[\"registry.terraform.io/kreuzwerker/docker\"]",
      "instances": [
        {
          "schema_version": 0,
          "attributes": {
            "build": [],
            "force_remove": null,
            "id": "sha256:93d47913950ad7ab04ae39bd8beb1f02f551eab78dc0ce91408436d957e3e388shekeriev/bgapp-web",
            "image_id": "sha256:93d47913950ad7ab04ae39bd8beb1f02f551eab78dc0ce91408436d957e3e388",
            "keep_locally": null,
            "name": "shekeriev/bgapp-web",
            "platform": null,
            "pull_triggers": null,
            "repo_digest": "shekeriev/bgapp-web@sha256:e5e5b314713a2f4ac6e3ab9f84b5519114f28eb641a33a00b0f7cf118937bf1a",
            "triggers": null
          },
          "sensitive_attributes": [],
          "private": "bnVsbA=="
        }
      ]
    },
    {
      "mode": "managed",
      "type": "docker_network",
      "name": "private_network",
      "provider": "provider[\"registry.terraform.io/kreuzwerker/docker\"]",
      "instances": [
        {
          "schema_version": 1,
          "attributes": {
            "attachable": false,
            "check_duplicate": null,
            "driver": "bridge",
            "id": "92b4078699489f0b90a0b000faed593fde0266eb6bdd83e8647068b1da16a2d8",
            "ingress": false,
            "internal": false,
            "ipam_config": [
              {
                "aux_address": {},
                "gateway": "172.19.0.1",
                "ip_range": "",
                "subnet": "172.19.0.0/16"
              }
            ],
            "ipam_driver": "default",
            "ipam_options": null,
            "ipv6": false,
            "labels": [],
            "name": "app",
            "options": {},
            "scope": "local"
          },
          "sensitive_attributes": [],
          "private": "eyJzY2hlbWFfdmVyc2lvbiI6IjEifQ=="
        }
      ]
    }
  ],
  "check_results": null
}
